
Microsoft Visual Studio Solution File, Format Version 12.00
# Visual Studio Version 16
VisualStudioVersion = 16.0.31515.178
MinimumVisualStudioVersion = 10.0.40219.1
Project("{9A19103F-16F7-4668-BE54-9A1E7A4F7556}") = "GameLogic", "GameLogic\GameLogic.csproj", "{29B3415F-22C4-4D68-91A0-902F94B5132F}"
EndProject
Project("{9A19103F-16F7-4668-BE54-9A1E7A4F7556}") = "ConsoleUI", "ConsoleUI\ConsoleUI.csproj", "{C569DC9B-8011-4B17-BD53-9192DCBB883A}"
EndProject
Global
	GlobalSection(SolutionConfigurationPlatforms) = preSolution
		Debug|Any CPU = Debug|Any CPU
		Release|Any CPU = Release|Any CPU
	EndGlobalSection
	GlobalSection(ProjectConfigurationPlatforms) = postSolution
		{29B3415F-22C4-4D68-91A0-902F94B5132F}.Debug|Any CPU.ActiveCfg = Debug|Any CPU
		{29B3415F-22C4-4D68-91A0-902F94B5132F}.Debug|Any CPU.Build.0 = Debug|Any CPU
		{29B3415F-22C4-4D68-91A0-902F94B5132F}.Release|Any CPU.ActiveCfg = Release|Any CPU
		{29B3415F-22C4-4D68-91A0-902F94B5132F}.Release|Any CPU.Build.0 = Release|Any CPU
		{C569DC9B-8011-4B17-BD53-9192DCBB883A}.Debug|Any CPU.ActiveCfg = Debug|Any CPU
		{C569DC9B-8011-4B17-BD53-9192DCBB883A}.Debug|Any CPU.Build.0 = Debug|Any CPU
		{C569DC9B-8011-4B17-BD53-9192DCBB883A}.Release|Any CPU.ActiveCfg = Release|Any CPU
		{C569DC9B-8011-4B17-BD53-9192DCBB883A}.Release|Any CPU.Build.0 = Release|Any CPU
	EndGlobalSection
	GlobalSection(SolutionProperties) = preSolution
		HideSolutionNode = FALSE
	EndGlobalSection
	GlobalSection(ExtensibilityGlobals) = postSolution
		SolutionGuid = {67B1FE4C-4982-492A-837E-E20C46A92488}
	EndGlobalSection
EndGlobal
